
Microsoft Visual Studio Solution File, Format Version 12.00
# Visual Studio Version 17
VisualStudioVersion = 17.3.32929.385
MinimumVisualStudioVersion = 10.0.40219.1
Project("{FAE04EC0-301F-11D3-BF4B-00C04F79EFBC}") = "MD5Encryption", "MD5Encryption\MD5Encryption.csproj", "{D05C08A1-A4AD-40D9-A035-012C1814A116}"
EndProject
Global
	GlobalSection(SolutionConfigurationPlatforms) = preSolution
		Debug|Any CPU = Debug|Any CPU
		Release|Any CPU = Release|Any CPU
	EndGlobalSection
	GlobalSection(ProjectConfigurationPlatforms) = postSolution
		{D05C08A1-A4AD-40D9-A035-012C1814A116}.Debug|Any CPU.ActiveCfg = Debug|Any CPU
		{D05C08A1-A4AD-40D9-A035-012C1814A116}.Debug|Any CPU.Build.0 = Debug|Any CPU
		{D05C08A1-A4AD-40D9-A035-012C1814A116}.Release|Any CPU.ActiveCfg = Release|Any CPU
		{D05C08A1-A4AD-40D9-A035-012C1814A116}.Release|Any CPU.Build.0 = Release|Any CPU
	EndGlobalSection
	GlobalSection(SolutionProperties) = preSolution
		HideSolutionNode = FALSE
	EndGlobalSection
	GlobalSection(ExtensibilityGlobals) = postSolution
		SolutionGuid = {C3DFC4F3-FDE9-4C19-8DA8-3897AB0EC6ED}
	EndGlobalSection
EndGlobal
